
Microsoft Visual Studio Solution File, Format Version 12.00
# Visual Studio Version 17
VisualStudioVersion = 17.0.31903.59
MinimumVisualStudioVersion = 10.0.40219.1
Project("{FAE04EC0-301F-11D3-BF4B-00C04F79EFBC}") = "practicals1", "practicals1\practicals1.csproj", "{36429469-0C6B-42C4-9405-0891D24A8DA3}"
EndProject
Project("{FAE04EC0-301F-11D3-BF4B-00C04F79EFBC}") = "practicals1_test", "practicals1_test\practicals1_test.csproj", "{45812D40-5DB2-4A91-B1FE-3F144B7AD4F1}"
EndProject
Global
	GlobalSection(SolutionConfigurationPlatforms) = preSolution
		Debug|Any CPU = Debug|Any CPU
		Release|Any CPU = Release|Any CPU
	EndGlobalSection
	GlobalSection(SolutionProperties) = preSolution
		HideSolutionNode = FALSE
	EndGlobalSection
	GlobalSection(ProjectConfigurationPlatforms) = postSolution
		{36429469-0C6B-42C4-9405-0891D24A8DA3}.Debug|Any CPU.ActiveCfg = Debug|Any CPU
		{36429469-0C6B-42C4-9405-0891D24A8DA3}.Debug|Any CPU.Build.0 = Debug|Any CPU
		{36429469-0C6B-42C4-9405-0891D24A8DA3}.Release|Any CPU.ActiveCfg = Release|Any CPU
		{36429469-0C6B-42C4-9405-0891D24A8DA3}.Release|Any CPU.Build.0 = Release|Any CPU
		{45812D40-5DB2-4A91-B1FE-3F144B7AD4F1}.Debug|Any CPU.ActiveCfg = Debug|Any CPU
		{45812D40-5DB2-4A91-B1FE-3F144B7AD4F1}.Debug|Any CPU.Build.0 = Debug|Any CPU
		{45812D40-5DB2-4A91-B1FE-3F144B7AD4F1}.Release|Any CPU.ActiveCfg = Release|Any CPU
		{45812D40-5DB2-4A91-B1FE-3F144B7AD4F1}.Release|Any CPU.Build.0 = Release|Any CPU
	EndGlobalSection
EndGlobal
