
Microsoft Visual Studio Solution File, Format Version 12.00
# Visual Studio Version 17
VisualStudioVersion = 17.5.002.0
MinimumVisualStudioVersion = 10.0.40219.1
Project("{9A19103F-16F7-4668-BE54-9A1E7A4F7556}") = "practicals1", "practicals1.csproj", "{B77A6D47-CEB7-4D98-8AEF-1557E48F6800}"
EndProject
Global
	GlobalSection(SolutionConfigurationPlatforms) = preSolution
		Debug|Any CPU = Debug|Any CPU
		Release|Any CPU = Release|Any CPU
	EndGlobalSection
	GlobalSection(ProjectConfigurationPlatforms) = postSolution
		{B77A6D47-CEB7-4D98-8AEF-1557E48F6800}.Debug|Any CPU.ActiveCfg = Debug|Any CPU
		{B77A6D47-CEB7-4D98-8AEF-1557E48F6800}.Debug|Any CPU.Build.0 = Debug|Any CPU
		{B77A6D47-CEB7-4D98-8AEF-1557E48F6800}.Release|Any CPU.ActiveCfg = Release|Any CPU
		{B77A6D47-CEB7-4D98-8AEF-1557E48F6800}.Release|Any CPU.Build.0 = Release|Any CPU
	EndGlobalSection
	GlobalSection(SolutionProperties) = preSolution
		HideSolutionNode = FALSE
	EndGlobalSection
	GlobalSection(ExtensibilityGlobals) = postSolution
		SolutionGuid = {3DFA5B73-D244-49D9-984F-2D03B82ACB7A}
	EndGlobalSection
EndGlobal
